
Microsoft Visual Studio Solution File, Format Version 12.00
# Visual Studio Version 17
VisualStudioVersion = 17.0.32002.185
MinimumVisualStudioVersion = 10.0.40219.1
Project("{FAE04EC0-301F-11D3-BF4B-00C04F79EFBC}") = "SmartMonitor.API", "SmartMonitor.API.csproj", "{CCDA4E0B-27B0-4F42-BB60-8D91CD9812E5}"
EndProject
Global
	GlobalSection(SolutionConfigurationPlatforms) = preSolution
		Debug|Any CPU = Debug|Any CPU
		Release|Any CPU = Release|Any CPU
	EndGlobalSection
	GlobalSection(ProjectConfigurationPlatforms) = postSolution
		{CCDA4E0B-27B0-4F42-BB60-8D91CD9812E5}.Debug|Any CPU.ActiveCfg = Debug|Any CPU
		{CCDA4E0B-27B0-4F42-BB60-8D91CD9812E5}.Debug|Any CPU.Build.0 = Debug|Any CPU
		{CCDA4E0B-27B0-4F42-BB60-8D91CD9812E5}.Release|Any CPU.ActiveCfg = Release|Any CPU
		{CCDA4E0B-27B0-4F42-BB60-8D91CD9812E5}.Release|Any CPU.Build.0 = Release|Any CPU
	EndGlobalSection
	GlobalSection(SolutionProperties) = preSolution
		HideSolutionNode = FALSE
	EndGlobalSection
	GlobalSection(ExtensibilityGlobals) = postSolution
		SolutionGuid = {AC86C93D-DC77-46EB-B827-E2321B9D5665}
	EndGlobalSection
EndGlobal
